
Microsoft Visual Studio Solution File, Format Version 12.00
# Visual Studio Version 17
VisualStudioVersion = 17.1.32414.318
MinimumVisualStudioVersion = 10.0.40219.1
Project("{9A19103F-16F7-4668-BE54-9A1E7A4F7556}") = "Examen 3", "Examen 3\Examen 3.csproj", "{AD7946F4-8E52-41C2-ADD8-0D31E4310287}"
EndProject
Project("{9A19103F-16F7-4668-BE54-9A1E7A4F7556}") = "Modelos", "Modelos\Modelos.csproj", "{3FE69BBF-6735-4C7C-BA50-397B3B39A048}"
EndProject
Project("{9A19103F-16F7-4668-BE54-9A1E7A4F7556}") = "Datos", "Datos\Datos.csproj", "{C9B07324-F37B-4BDF-BDA3-3FC4D2AD5912}"
EndProject
Global
	GlobalSection(SolutionConfigurationPlatforms) = preSolution
		Debug|Any CPU = Debug|Any CPU
		Release|Any CPU = Release|Any CPU
	EndGlobalSection
	GlobalSection(ProjectConfigurationPlatforms) = postSolution
		{AD7946F4-8E52-41C2-ADD8-0D31E4310287}.Debug|Any CPU.ActiveCfg = Debug|Any CPU
		{AD7946F4-8E52-41C2-ADD8-0D31E4310287}.Debug|Any CPU.Build.0 = Debug|Any CPU
		{AD7946F4-8E52-41C2-ADD8-0D31E4310287}.Release|Any CPU.ActiveCfg = Release|Any CPU
		{AD7946F4-8E52-41C2-ADD8-0D31E4310287}.Release|Any CPU.Build.0 = Release|Any CPU
		{3FE69BBF-6735-4C7C-BA50-397B3B39A048}.Debug|Any CPU.ActiveCfg = Debug|Any CPU
		{3FE69BBF-6735-4C7C-BA50-397B3B39A048}.Debug|Any CPU.Build.0 = Debug|Any CPU
		{3FE69BBF-6735-4C7C-BA50-397B3B39A048}.Release|Any CPU.ActiveCfg = Release|Any CPU
		{3FE69BBF-6735-4C7C-BA50-397B3B39A048}.Release|Any CPU.Build.0 = Release|Any CPU
		{C9B07324-F37B-4BDF-BDA3-3FC4D2AD5912}.Debug|Any CPU.ActiveCfg = Debug|Any CPU
		{C9B07324-F37B-4BDF-BDA3-3FC4D2AD5912}.Debug|Any CPU.Build.0 = Debug|Any CPU
		{C9B07324-F37B-4BDF-BDA3-3FC4D2AD5912}.Release|Any CPU.ActiveCfg = Release|Any CPU
		{C9B07324-F37B-4BDF-BDA3-3FC4D2AD5912}.Release|Any CPU.Build.0 = Release|Any CPU
	EndGlobalSection
	GlobalSection(SolutionProperties) = preSolution
		HideSolutionNode = FALSE
	EndGlobalSection
	GlobalSection(ExtensibilityGlobals) = postSolution
		SolutionGuid = {56735481-9717-4FBB-BB7C-8AE7377E1A99}
	EndGlobalSection
EndGlobal
